// !$*UTF8*$!
{
	archiveVersion = 1;
	classes = {
	};
	objectVersion = 50;
	objects = {

/* Begin PBXBuildFile section */
		F0C031A62147514E008DC23D /* AppDelegate.m in Sources */ = {isa = PBXBuildFile; fileRef = F0C031A52147514E008DC23D /* AppDelegate.m */; };
		F0C031A92147514E008DC23D /* ViewController.m in Sources */ = {isa = PBXBuildFile; fileRef = F0C031A82147514E008DC23D /* ViewController.m */; };
		F0C031AC2147514E008DC23D /* Main.storyboard in Resources */ = {isa = PBXBuildFile; fileRef = F0C031AA2147514E008DC23D /* Main.storyboard */; };
		F0C031AE2147514F008DC23D /* Assets.xcassets in Resources */ = {isa = PBXBuildFile; fileRef = F0C031AD2147514F008DC23D /* Assets.xcassets */; };
		F0C031B12147514F008DC23D /* LaunchScreen.storyboard in Resources */ = {isa = PBXBuildFile; fileRef = F0C031AF2147514F008DC23D /* LaunchScreen.storyboard */; };
		F0C031B42147514F008DC23D /* main.m in Sources */ = {isa = PBXBuildFile; fileRef = F0C031B32147514F008DC23D /* main.m */; };
		F0C031BE2147514F008DC23D /* SpeechRecognitionTests.m in Sources */ = {isa = PBXBuildFile; fileRef = F0C031BD2147514F008DC23D /* SpeechRecognitionTests.m */; };
		F0C031C92147514F008DC23D /* SpeechRecognitionUITests.m in Sources */ = {isa = PBXBuildFile; fileRef = F0C031C82147514F008DC23D /* SpeechRecognitionUITests.m */; };
/* End PBXBuildFile section */

/* Begin PBXContainerItemProxy section */
		F0C031BA2147514F008DC23D /* PBXContainerItemProxy */ = {
			isa = PBXContainerItemProxy;
			containerPortal = F0C031992147514E008DC23D /* Project object */;
			proxyType = 1;
			remoteGlobalIDString = F0C031A02147514E008DC23D;
			remoteInfo = SpeechRecognition;
		};
		F0C031C52147514F008DC23D /* PBXContainerItemProxy */ = {
			isa = PBXContainerItemProxy;
			containerPortal = F0C031992147514E008DC23D /* Project object */;
			proxyType = 1;
			remoteGlobalIDString = F0C031A02147514E008DC23D;
			remoteInfo = SpeechRecognition;
		};
/* End PBXContainerItemProxy section */

/* Begin PBXFileReference section */
		F0C031A12147514E008DC23D /* SpeechRecognition.app */ = {isa = PBXFileReference; explicitFileType = wrapper.application; includeInIndex = 0; path = SpeechRecognition.app; sourceTree = BUILT_PRODUCTS_DIR; };
		F0C031A42147514E008DC23D /* AppDelegate.h */ = {isa = PBXFileReference; lastKnownFileType = sourcecode.c.h; path = AppDelegate.h; sourceTree = "<group>"; };
		F0C031A52147514E008DC23D /* AppDelegate.m */ = {isa = PBXFileReference; lastKnownFileType = sourcecode.c.objc; path = AppDelegate.m; sourceTree = "<group>"; };
		F0C031A72147514E008DC23D /* ViewController.h */ = {isa = PBXFileReference; lastKnownFileType = sourcecode.c.h; path = ViewController.h; sourceTree = "<group>"; };
		F0C031A82147514E008DC23D /* ViewController.m */ = {isa = PBXFileReference; lastKnownFileType = sourcecode.c.objc; path = ViewController.m; sourceTree = "<group>"; };
		F0C031AB2147514E008DC23D /* Base */ = {isa = PBXFileReference; lastKnownFileType = file.storyboard; name = Base; path = Base.lproj/Main.storyboard; sourceTree = "<group>"; };
		F0C031AD2147514F008DC23D /* Assets.xcassets */ = {isa = PBXFileReference; lastKnownFileType = folder.assetcatalog; path = Assets.xcassets; sourceTree = "<group>"; };
		F0C031B02147514F008DC23D /* Base */ = {isa = PBXFileReference; lastKnownFileType = file.storyboard; name = Base; path = Base.lproj/LaunchScreen.storyboard; sourceTree = "<group>"; };
		F0C031B22147514F008DC23D /* Info.plist */ = {isa = PBXFileReference; lastKnownFileType = text.plist.xml; path = Info.plist; sourceTree = "<group>"; };
		F0C031B32147514F008DC23D /* main.m */ = {isa = PBXFileReference; lastKnownFileType = sourcecode.c.objc; path = main.m; sourceTree = "<group>"; };
		F0C031B92147514F008DC23D /* SpeechRecognitionTests.xctest */ = {isa = PBXFileReference; explicitFileType = wrapper.cfbundle; includeInIndex = 0; path = SpeechRecognitionTests.xctest; sourceTree = BUILT_PRODUCTS_DIR; };
		F0C031BD2147514F008DC23D /* SpeechRecognitionTests.m */ = {isa = PBXFileReference; lastKnownFileType = sourcecode.c.objc; path = SpeechRecognitionTests.m; sourceTree = "<group>"; };
		F0C031BF2147514F008DC23D /* Info.plist */ = {isa = PBXFileReference; lastKnownFileType = text.plist.xml; path = Info.plist; sourceTree = "<group>"; };
		F0C031C42147514F008DC23D /* SpeechRecognitionUITests.xctest */ = {isa = PBXFileReference; explicitFileType = wrapper.cfbundle; includeInIndex = 0; path = SpeechRecognitionUITests.xctest; sourceTree = BUILT_PRODUCTS_DIR; };
		F0C031C82147514F008DC23D /* SpeechRecognitionUITests.m */ = {isa = PBXFileReference; lastKnownFileType = sourcecode.c.objc; path = SpeechRecognitionUITests.m; sourceTree = "<group>"; };
		F0C031CA2147514F008DC23D /* Info.plist */ = {isa = PBXFileReference; lastKnownFileType = text.plist.xml; path = Info.plist; sourceTree = "<group>"; };
/* End PBXFileReference section */

/* Begin PBXFrameworksBuildPhase section */
		F0C0319E2147514E008DC23D /* Frameworks */ = {
			isa = PBXFrameworksBuildPhase;
			buildActionMask = 2147483647;
			files = (
			);
			runOnlyForDeploymentPostprocessing = 0;
		};
		F0C031B62147514F008DC23D /* Frameworks */ = {
			isa = PBXFrameworksBuildPhase;
			buildActionMask = 2147483647;
			files = (
			);
			runOnlyForDeploymentPostprocessing = 0;
		};
		F0C031C12147514F008DC23D /* Frameworks */ = {
			isa = PBXFrameworksBuildPhase;
			buildActionMask = 2147483647;
			files = (
			);
			runOnlyForDeploymentPostprocessing = 0;
		};
/* End PBXFrameworksBuildPhase section */

/* Begin PBXGroup section */
		F0C031982147514E008DC23D = {
			isa = PBXGroup;
			children = (
				F0C031A32147514E008DC23D /* SpeechRecognition */,
				F0C031BC2147514F008DC23D /* SpeechRecognitionTests */,
				F0C031C72147514F008DC23D /* SpeechRecognitionUITests */,
				F0C031A22147514E008DC23D /* Products */,
			);
			sourceTree = "<group>";
		};
		F0C031A22147514E008DC23D /* Products */ = {
			isa = PBXGroup;
			children = (
				F0C031A12147514E008DC23D /* SpeechRecognition.app */,
				F0C031B92147514F008DC23D /* SpeechRecognitionTests.xctest */,
				F0C031C42147514F008DC23D /* SpeechRecognitionUITests.xctest */,
			);
			name = Products;
			sourceTree = "<group>";
		};
		F0C031A32147514E008DC23D /* SpeechRecognition */ = {
			isa = PBXGroup;
			children = (
				F0C031A42147514E008DC23D /* AppDelegate.h */,
				F0C031A52147514E008DC23D /* AppDelegate.m */,
				F0C031A72147514E008DC23D /* ViewController.h */,
				F0C031A82147514E008DC23D /* ViewController.m */,
				F0C031AA2147514E008DC23D /* Main.storyboard */,
				F0C031AD2147514F008DC23D /* Assets.xcassets */,
				F0C031AF2147514F008DC23D /* LaunchScreen.storyboard */,
				F0C031B22147514F008DC23D /* Info.plist */,
				F0C031B32147514F008DC23D /* main.m */,
			);
			path = SpeechRecognition;
			sourceTree = "<group>";
		};
		F0C031BC2147514F008DC23D /* SpeechRecognitionTests */ = {
			isa = PBXGroup;
			children = (
				F0C031BD2147514F008DC23D /* SpeechRecognitionTests.m */,
				F0C031BF2147514F008DC23D /* Info.plist */,
			);
			path = SpeechRecognitionTests;
			sourceTree = "<group>";
		};
		F0C031C72147514F008DC23D /* SpeechRecognitionUITests */ = {
			isa = PBXGroup;
			children = (
				F0C031C82147514F008DC23D /* SpeechRecognitionUITests.m */,
				F0C031CA2147514F008DC23D /* Info.plist */,
			);
			path = SpeechRecognitionUITests;
			sourceTree = "<group>";
		};
/* End PBXGroup section */

/* Begin PBXNativeTarget section */
		F0C031A02147514E008DC23D /* SpeechRecognition */ = {
			isa = PBXNativeTarget;
			buildConfigurationList = F0C031CD2147514F008DC23D /* Build configuration list for PBXNativeTarget "SpeechRecognition" */;
			buildPhases = (
				F0C0319D2147514E008DC23D /* Sources */,
				F0C0319E2147514E008DC23D /* Frameworks */,
				F0C0319F2147514E008DC23D /* Resources */,
			);
			buildRules = (
			);
			dependencies = (
			);
			name = SpeechRecognition;
			productName = SpeechRecognition;
			productReference = F0C031A12147514E008DC23D /* SpeechRecognition.app */;
			productType = "com.apple.product-type.application";
		};
		F0C031B82147514F008DC23D /* SpeechRecognitionTests */ = {
			isa = PBXNativeTarget;
			buildConfigurationList = F0C031D02147514F008DC23D /* Build configuration list for PBXNativeTarget "SpeechRecognitionTests" */;
			buildPhases = (
				F0C031B52147514F008DC23D /* Sources */,
				F0C031B62147514F008DC23D /* Frameworks */,
				F0C031B72147514F008DC23D /* Resources */,
			);
			buildRules = (
			);
			dependencies = (
				F0C031BB2147514F008DC23D /* PBXTargetDependency */,
			);
			name = SpeechRecognitionTests;
			productName = SpeechRecognitionTests;
			productReference = F0C031B92147514F008DC23D /* SpeechRecognitionTests.xctest */;
			productType = "com.apple.product-type.bundle.unit-test";
		};
		F0C031C32147514F008DC23D /* SpeechRecognitionUITests */ = {
			isa = PBXNativeTarget;
			buildConfigurationList = F0C031D32147514F008DC23D /* Build configuration list for PBXNativeTarget "SpeechRecognitionUITests" */;
			buildPhases = (
				F0C031C02147514F008DC23D /* Sources */,
				F0C031C12147514F008DC23D /* Frameworks */,
				F0C031C22147514F008DC23D /* Resources */,
			);
			buildRules = (
			);
			dependencies = (
				F0C031C62147514F008DC23D /* PBXTargetDependency */,
			);
			name = SpeechRecognitionUITests;
			productName = SpeechRecognitionUITests;
			productReference = F0C031C42147514F008DC23D /* SpeechRecognitionUITests.xctest */;
			productType = "com.apple.product-type.bundle.ui-testing";
		};
/* End PBXNativeTarget section */

/* Begin PBXProject section */
		F0C031992147514E008DC23D /* Project object */ = {
			isa = PBXProject;
			attributes = {
				LastUpgradeCheck = 0940;
				ORGANIZATIONNAME = "xinyue-1";
				TargetAttributes = {
					F0C031A02147514E008DC23D = {
						CreatedOnToolsVersion = 9.4.1;
					};
					F0C031B82147514F008DC23D = {
						CreatedOnToolsVersion = 9.4.1;
						TestTargetID = F0C031A02147514E008DC23D;
					};
					F0C031C32147514F008DC23D = {
						CreatedOnToolsVersion = 9.4.1;
						TestTargetID = F0C031A02147514E008DC23D;
					};
				};
			};
			buildConfigurationList = F0C0319C2147514E008DC23D /* Build configuration list for PBXProject "SpeechRecognition" */;
			compatibilityVersion = "Xcode 9.3";
			developmentRegion = en;
			hasScannedForEncodings = 0;
			knownRegions = (
				en,
				Base,
			);
			mainGroup = F0C031982147514E008DC23D;
			productRefGroup = F0C031A22147514E008DC23D /* Products */;
			projectDirPath = "";
			projectRoot = "";
			targets = (
				F0C031A02147514E008DC23D /* SpeechRecognition */,
				F0C031B82147514F008DC23D /* SpeechRecognitionTests */,
				F0C031C32147514F008DC23D /* SpeechRecognitionUITests */,
			);
		};
/* End PBXProject section */

/* Begin PBXResourcesBuildPhase section */
		F0C0319F2147514E008DC23D /* Resources */ = {
			isa = PBXResourcesBuildPhase;
			buildActionMask = 2147483647;
			files = (
				F0C031B12147514F008DC23D /* LaunchScreen.storyboard in Resources */,
				F0C031AE2147514F008DC23D /* Assets.xcassets in Resources */,
				F0C031AC2147514E008DC23D /* Main.storyboard in Resources */,
			);
			runOnlyForDeploymentPostprocessing = 0;
		};
		F0C031B72147514F008DC23D /* Resources */ = {
			isa = PBXResourcesBuildPhase;
			buildActionMask = 2147483647;
			files = (
			);
			runOnlyForDeploymentPostprocessing = 0;
		};
		F0C031C22147514F008DC23D /* Resources */ = {
			isa = PBXResourcesBuildPhase;
			buildActionMask = 2147483647;
			files = (
			);
			runOnlyForDeploymentPostprocessing = 0;
		};
/* End PBXResourcesBuildPhase section */

/* Begin PBXSourcesBuildPhase section */
		F0C0319D2147514E008DC23D /* Sources */ = {
			isa = PBXSourcesBuildPhase;
			buildActionMask = 2147483647;
			files = (
				F0C031A92147514E008DC23D /* ViewController.m in Sources */,
				F0C031B42147514F008DC23D /* main.m in Sources */,
				F0C031A62147514E008DC23D /* AppDelegate.m in Sources */,
			);
			runOnlyForDeploymentPostprocessing = 0;
		};
		F0C031B52147514F008DC23D /* Sources */ = {
			isa = PBXSourcesBuildPhase;
			buildActionMask = 2147483647;
			files = (
				F0C031BE2147514F008DC23D /* SpeechRecognitionTests.m in Sources */,
			);
			runOnlyForDeploymentPostprocessing = 0;
		};
		F0C031C02147514F008DC23D /* Sources */ = {
			isa = PBXSourcesBuildPhase;
			buildActionMask = 2147483647;
			files = (
				F0C031C92147514F008DC23D /* SpeechRecognitionUITests.m in Sources */,
			);
			runOnlyForDeploymentPostprocessing = 0;
		};
/* End PBXSourcesBuildPhase section */

/* Begin PBXTargetDependency section */
		F0C031BB2147514F008DC23D /* PBXTargetDependency */ = {
			isa = PBXTargetDependency;
			target = F0C031A02147514E008DC23D /* SpeechRecognition */;
			targetProxy = F0C031BA2147514F008DC23D /* PBXContainerItemProxy */;
		};
		F0C031C62147514F008DC23D /* PBXTargetDependency */ = {
			isa = PBXTargetDependency;
			target = F0C031A02147514E008DC23D /* SpeechRecognition */;
			targetProxy = F0C031C52147514F008DC23D /* PBXContainerItemProxy */;
		};
/* End PBXTargetDependency section */

/* Begin PBXVariantGroup section */
		F0C031AA2147514E008DC23D /* Main.storyboard */ = {
			isa = PBXVariantGroup;
			children = (
				F0C031AB2147514E008DC23D /* Base */,
			);
			name = Main.storyboard;
			sourceTree = "<group>";
		};
		F0C031AF2147514F008DC23D /* LaunchScreen.storyboard */ = {
			isa = PBXVariantGroup;
			children = (
				F0C031B02147514F008DC23D /* Base */,
			);
			name = LaunchScreen.storyboard;
			sourceTree = "<group>";
		};
/* End PBXVariantGroup section */

/* Begin XCBuildConfiguration section */
		F0C031CB2147514F008DC23D /* Debug */ = {
			isa = XCBuildConfiguration;
			buildSettings = {
				ALWAYS_SEARCH_USER_PATHS = NO;
				CLANG_ANALYZER_NONNULL = YES;
				CLANG_ANALYZER_NUMBER_OBJECT_CONVERSION = YES_AGGRESSIVE;
				CLANG_CXX_LANGUAGE_STANDARD = "gnu++14";
				CLANG_CXX_LIBRARY = "libc++";
				CLANG_ENABLE_MODULES = YES;
				CLANG_ENABLE_OBJC_ARC = YES;
				CLANG_ENABLE_OBJC_WEAK = YES;
				CLANG_WARN_BLOCK_CAPTURE_AUTORELEASING = YES;
				CLANG_WARN_BOOL_CONVERSION = YES;
				CLANG_WARN_COMMA = YES;
				CLANG_WARN_CONSTANT_CONVERSION = YES;
				CLANG_WARN_DEPRECATED_OBJC_IMPLEMENTATIONS = YES;
				CLANG_WARN_DIRECT_OBJC_ISA_USAGE = YES_ERROR;
				CLANG_WARN_DOCUMENTATION_COMMENTS = YES;
				CLANG_WARN_EMPTY_BODY = YES;
				CLANG_WARN_ENUM_CONVERSION = YES;
				CLANG_WARN_INFINITE_RECURSION = YES;
				CLANG_WARN_INT_CONVERSION = YES;
				CLANG_WARN_NON_LITERAL_NULL_CONVERSION = YES;
				CLANG_WARN_OBJC_IMPLICIT_RETAIN_SELF = YES;
				CLANG_WARN_OBJC_LITERAL_CONVERSION = YES;
				CLANG_WARN_OBJC_ROOT_CLASS = YES_ERROR;
				CLANG_WARN_RANGE_LOOP_ANALYSIS = YES;
				CLANG_WARN_STRICT_PROTOTYPES = YES;
				CLANG_WARN_SUSPICIOUS_MOVE = YES;
				CLANG_WARN_UNGUARDED_AVAILABILITY = YES_AGGRESSIVE;
				CLANG_WARN_UNREACHABLE_CODE = YES;
				CLANG_WARN__DUPLICATE_METHOD_MATCH = YES;
				CODE_SIGN_IDENTITY = "iPhone Developer";
				COPY_PHASE_STRIP = NO;
				DEBUG_INFORMATION_FORMAT = dwarf;
				ENABLE_STRICT_OBJC_MSGSEND = YES;
				ENABLE_TESTABILITY = YES;
				GCC_C_LANGUAGE_STANDARD = gnu11;
				GCC_DYNAMIC_NO_PIC = NO;
				GCC_NO_COMMON_BLOCKS = YES;
				GCC_OPTIMIZATION_LEVEL = 0;
				GCC_PREPROCESSOR_DEFINITIONS = (
					"DEBUG=1",
					"$(inherited)",
				);
				GCC_WARN_64_TO_32_BIT_CONVERSION = YES;
				GCC_WARN_ABOUT_RETURN_TYPE = YES_ERROR;
				GCC_WARN_UNDECLARED_SELECTOR = YES;
				GCC_WARN_UNINITIALIZED_AUTOS = YES_AGGRESSIVE;
				GCC_WARN_UNUSED_FUNCTION = YES;
				GCC_WARN_UNUSED_VARIABLE = YES;
				IPHONEOS_DEPLOYMENT_TARGET = 11.4;
				MTL_ENABLE_DEBUG_INFO = YES;
				ONLY_ACTIVE_ARCH = YES;
				SDKROOT = iphoneos;
			};
			name = Debug;
		};
		F0C031CC2147514F008DC23D /* Release */ = {
			isa = XCBuildConfiguration;
			buildSettings = {
				ALWAYS_SEARCH_USER_PATHS = NO;
				CLANG_ANALYZER_NONNULL = YES;
				CLANG_ANALYZER_NUMBER_OBJECT_CONVERSION = YES_AGGRESSIVE;
				CLANG_CXX_LANGUAGE_STANDARD = "gnu++14";
				CLANG_CXX_LIBRARY = "libc++";
				CLANG_ENABLE_MODULES = YES;
				CLANG_ENABLE_OBJC_ARC = YES;
				CLANG_ENABLE_OBJC_WEAK = YES;
				CLANG_WARN_BLOCK_CAPTURE_AUTORELEASING = YES;
				CLANG_WARN_BOOL_CONVERSION = YES;
				CLANG_WARN_COMMA = YES;
				CLANG_WARN_CONSTANT_CONVERSION = YES;
				CLANG_WARN_DEPRECATED_OBJC_IMPLEMENTATIONS = YES;
				CLANG_WARN_DIRECT_OBJC_ISA_USAGE = YES_ERROR;
				CLANG_WARN_DOCUMENTATION_COMMENTS = YES;
				CLANG_WARN_EMPTY_BODY = YES;
				CLANG_WARN_ENUM_CONVERSION = YES;
				CLANG_WARN_INFINITE_RECURSION = YES;
				CLANG_WARN_INT_CONVERSION = YES;
				CLANG_WARN_NON_LITERAL_NULL_CONVERSION = YES;
				CLANG_WARN_OBJC_IMPLICIT_RETAIN_SELF = YES;
				CLANG_WARN_OBJC_LITERAL_CONVERSION = YES;
				CLANG_WARN_OBJC_ROOT_CLASS = YES_ERROR;
				CLANG_WARN_RANGE_LOOP_ANALYSIS = YES;
				CLANG_WARN_STRICT_PROTOTYPES = YES;
				CLANG_WARN_SUSPICIOUS_MOVE = YES;
				CLANG_WARN_UNGUARDED_AVAILABILITY = YES_AGGRESSIVE;
				CLANG_WARN_UNREACHABLE_CODE = YES;
				CLANG_WARN__DUPLICATE_METHOD_MATCH = YES;
				CODE_SIGN_IDENTITY = "iPhone Developer";
				COPY_PHASE_STRIP = NO;
				DEBUG_INFORMATION_FORMAT = "dwarf-with-dsym";
				ENABLE_NS_ASSERTIONS = NO;
				ENABLE_STRICT_OBJC_MSGSEND = YES;
				GCC_C_LANGUAGE_STANDARD = gnu11;
				GCC_NO_COMMON_BLOCKS = YES;
				GCC_WARN_64_TO_32_BIT_CONVERSION = YES;
				GCC_WARN_ABOUT_RETURN_TYPE = YES_ERROR;
				GCC_WARN_UNDECLARED_SELECTOR = YES;
				GCC_WARN_UNINITIALIZED_AUTOS = YES_AGGRESSIVE;
				GCC_WARN_UNUSED_FUNCTION = YES;
				GCC_WARN_UNUSED_VARIABLE = YES;
				IPHONEOS_DEPLOYMENT_TARGET = 11.4;
				MTL_ENABLE_DEBUG_INFO = NO;
				SDKROOT = iphoneos;
				VALIDATE_PRODUCT = YES;
			};
			name = Release;
		};
		F0C031CE2147514F008DC23D /* Debug */ = {
			isa = XCBuildConfiguration;
			buildSettings = {
				ASSETCATALOG_COMPILER_APPICON_NAME = AppIcon;
				CODE_SIGN_STYLE = Automatic;
				INFOPLIST_FILE = SpeechRecognition/Info.plist;
				LD_RUNPATH_SEARCH_PATHS = (
					"$(inherited)",
					"@executable_path/Frameworks",
				);
				PRODUCT_BUNDLE_IDENTIFIER = first.SpeechRecognition;
				PRODUCT_NAME = "$(TARGET_NAME)";
				TARGETED_DEVICE_FAMILY = "1,2";
			};
			name = Debug;
		};
		F0C031CF2147514F008DC23D /* Release */ = {
			isa = XCBuildConfiguration;
			buildSettings = {
				ASSETCATALOG_COMPILER_APPICON_NAME = AppIcon;
				CODE_SIGN_STYLE = Automatic;
				INFOPLIST_FILE = SpeechRecognition/Info.plist;
				LD_RUNPATH_SEARCH_PATHS = (
					"$(inherited)",
					"@executable_path/Frameworks",
				);
				PRODUCT_BUNDLE_IDENTIFIER = first.SpeechRecognition;
				PRODUCT_NAME = "$(TARGET_NAME)";
				TARGETED_DEVICE_FAMILY = "1,2";
			};
			name = Release;
		};
		F0C031D12147514F008DC23D /* Debug */ = {
			isa = XCBuildConfiguration;
			buildSettings = {
				BUNDLE_LOADER = "$(TEST_HOST)";
				CODE_SIGN_STYLE = Automatic;
				INFOPLIST_FILE = SpeechRecognitionTests/Info.plist;
				LD_RUNPATH_SEARCH_PATHS = (
					"$(inherited)",
					"@executable_path/Frameworks",
					"@loader_path/Frameworks",
				);
				PRODUCT_BUNDLE_IDENTIFIER = first.SpeechRecognitionTests;
				PRODUCT_NAME = "$(TARGET_NAME)";
				TARGETED_DEVICE_FAMILY = "1,2";
				TEST_HOST = "$(BUILT_PRODUCTS_DIR)/SpeechRecognition.app/SpeechRecognition";
			};
			name = Debug;
		};
		F0C031D22147514F008DC23D /* Release */ = {
			isa = XCBuildConfiguration;
			buildSettings = {
				BUNDLE_LOADER = "$(TEST_HOST)";
				CODE_SIGN_STYLE = Automatic;
				INFOPLIST_FILE = SpeechRecognitionTests/Info.plist;
				LD_RUNPATH_SEARCH_PATHS = (
					"$(inherited)",
					"@executable_path/Frameworks",
					"@loader_path/Frameworks",
				);
				PRODUCT_BUNDLE_IDENTIFIER = first.SpeechRecognitionTests;
				PRODUCT_NAME = "$(TARGET_NAME)";
				TARGETED_DEVICE_FAMILY = "1,2";
				TEST_HOST = "$(BUILT_PRODUCTS_DIR)/SpeechRecognition.app/SpeechRecognition";
			};
			name = Release;
		};
		F0C031D42147514F008DC23D /* Debug */ = {
			isa = XCBuildConfiguration;
			buildSettings = {
				CODE_SIGN_STYLE = Automatic;
				INFOPLIST_FILE = SpeechRecognitionUITests/Info.plist;
				LD_RUNPATH_SEARCH_PATHS = (
					"$(inherited)",
					"@executable_path/Frameworks",
					"@loader_path/Frameworks",
				);
				PRODUCT_BUNDLE_IDENTIFIER = first.SpeechRecognitionUITests;
				PRODUCT_NAME = "$(TARGET_NAME)";
				TARGETED_DEVICE_FAMILY = "1,2";
				TEST_TARGET_NAME = SpeechRecognition;
			};
			name = Debug;
		};
		F0C031D52147514F008DC23D /* Release */ = {
			isa = XCBuildConfiguration;
			buildSettings = {
				CODE_SIGN_STYLE = Automatic;
				INFOPLIST_FILE = SpeechRecognitionUITests/Info.plist;
				LD_RUNPATH_SEARCH_PATHS = (
					"$(inherited)",
					"@executable_path/Frameworks",
					"@loader_path/Frameworks",
				);
				PRODUCT_BUNDLE_IDENTIFIER = first.SpeechRecognitionUITests;
				PRODUCT_NAME = "$(TARGET_NAME)";
				TARGETED_DEVICE_FAMILY = "1,2";
				TEST_TARGET_NAME = SpeechRecognition;
			};
			name = Release;
		};
/* End XCBuildConfiguration section */

/* Begin XCConfigurationList section */
		F0C0319C2147514E008DC23D /* Build configuration list for PBXProject "SpeechRecognition" */ = {
			isa = XCConfigurationList;
			buildConfigurations = (
				F0C031CB2147514F008DC23D /* Debug */,
				F0C031CC2147514F008DC23D /* Release */,
			);
			defaultConfigurationIsVisible = 0;
			defaultConfigurationName = Release;
		};
		F0C031CD2147514F008DC23D /* Build configuration list for PBXNativeTarget "SpeechRecognition" */ = {
			isa = XCConfigurationList;
			buildConfigurations = (
				F0C031CE2147514F008DC23D /* Debug */,
				F0C031CF2147514F008DC23D /* Release */,
			);
			defaultConfigurationIsVisible = 0;
			defaultConfigurationName = Release;
		};
		F0C031D02147514F008DC23D /* Build configuration list for PBXNativeTarget "SpeechRecognitionTests" */ = {
			isa = XCConfigurationList;
			buildConfigurations = (
				F0C031D12147514F008DC23D /* Debug */,
				F0C031D22147514F008DC23D /* Release */,
			);
			defaultConfigurationIsVisible = 0;
			defaultConfigurationName = Release;
		};
		F0C031D32147514F008DC23D /* Build configuration list for PBXNativeTarget "SpeechRecognitionUITests" */ = {
			isa = XCConfigurationList;
			buildConfigurations = (
				F0C031D42147514F008DC23D /* Debug */,
				F0C031D52147514F008DC23D /* Release */,
			);
			defaultConfigurationIsVisible = 0;
			defaultConfigurationName = Release;
		};
/* End XCConfigurationList section */
	};
	rootObject = F0C031992147514E008DC23D /* Project object */;
}
